// !$*UTF8*$!
{
	archiveVersion = 1;
	classes = {
	};
	objectVersion = 46;
	objects = {

/* Begin PBXBuildFile section */
		813AA8AF1D59CA3D00A66049 /* AmrCodecFMWK.framework in Frameworks */ = {isa = PBXBuildFile; fileRef = 813AA8A71D59CA3D00A66049 /* AmrCodecFMWK.framework */; };
		813AA8B01D59CA3D00A66049 /* SecurityGuardSDK.framework in Frameworks */ = {isa = PBXBuildFile; fileRef = 813AA8A81D59CA3D00A66049 /* SecurityGuardSDK.framework */; };
		813AA8B11D59CA3D00A66049 /* UTDID.framework in Frameworks */ = {isa = PBXBuildFile; fileRef = 813AA8A91D59CA3D00A66049 /* UTDID.framework */; };
		813AA8B21D59CA3D00A66049 /* UTMini.framework in Frameworks */ = {isa = PBXBuildFile; fileRef = 813AA8AA1D59CA3D00A66049 /* UTMini.framework */; };
		813AA8B31D59CA3D00A66049 /* WQConnectorBundle.framework in Frameworks */ = {isa = PBXBuildFile; fileRef = 813AA8AB1D59CA3D00A66049 /* WQConnectorBundle.framework */; };
		813AA8B41D59CA3D00A66049 /* yw_1222.jpg in Resources */ = {isa = PBXBuildFile; fileRef = 813AA8AC1D59CA3D00A66049 /* yw_1222.jpg */; };
		813AA8B51D59CA3D00A66049 /* YWFeedbackFMWK.framework in Frameworks */ = {isa = PBXBuildFile; fileRef = 813AA8AD1D59CA3D00A66049 /* YWFeedbackFMWK.framework */; };
		813AA8B61D59CA3D00A66049 /* YWHybridWebViewFMWK.framework in Frameworks */ = {isa = PBXBuildFile; fileRef = 813AA8AE1D59CA3D00A66049 /* YWHybridWebViewFMWK.framework */; };
		814EDC0E1D33AA2A00D396B3 /* main.m in Sources */ = {isa = PBXBuildFile; fileRef = 814EDC0D1D33AA2A00D396B3 /* main.m */; };
		814EDC111D33AA2A00D396B3 /* AppDelegate.m in Sources */ = {isa = PBXBuildFile; fileRef = 814EDC101D33AA2A00D396B3 /* AppDelegate.m */; };
		814EDC141D33AA2A00D396B3 /* ViewController.m in Sources */ = {isa = PBXBuildFile; fileRef = 814EDC131D33AA2A00D396B3 /* ViewController.m */; };
		814EDC171D33AA2A00D396B3 /* Main.storyboard in Resources */ = {isa = PBXBuildFile; fileRef = 814EDC151D33AA2A00D396B3 /* Main.storyboard */; };
		814EDC191D33AA2A00D396B3 /* Assets.xcassets in Resources */ = {isa = PBXBuildFile; fileRef = 814EDC181D33AA2A00D396B3 /* Assets.xcassets */; };
		814EDC1C1D33AA2A00D396B3 /* LaunchScreen.storyboard in Resources */ = {isa = PBXBuildFile; fileRef = 814EDC1A1D33AA2A00D396B3 /* LaunchScreen.storyboard */; };
		814EDC271D33AA2A00D396B3 /* _______Tests.m in Sources */ = {isa = PBXBuildFile; fileRef = 814EDC261D33AA2A00D396B3 /* _______Tests.m */; };
		814EDC321D33AA2A00D396B3 /* _______UITests.m in Sources */ = {isa = PBXBuildFile; fileRef = 814EDC311D33AA2A00D396B3 /* _______UITests.m */; };
		814EDC771D33AAD600D396B3 /* icon-error.png in Resources */ = {isa = PBXBuildFile; fileRef = 814EDC6F1D33AAD600D396B3 /* icon-error.png */; };
		814EDC781D33AAD600D396B3 /* icon-error@2x.png in Resources */ = {isa = PBXBuildFile; fileRef = 814EDC701D33AAD600D396B3 /* icon-error@2x.png */; };
		814EDC791D33AAD600D396B3 /* icon-info.png in Resources */ = {isa = PBXBuildFile; fileRef = 814EDC711D33AAD600D396B3 /* icon-info.png */; };
		814EDC7A1D33AAD600D396B3 /* icon-info@2x.png in Resources */ = {isa = PBXBuildFile; fileRef = 814EDC721D33AAD600D396B3 /* icon-info@2x.png */; };
		814EDC7B1D33AAD600D396B3 /* icon-success.png in Resources */ = {isa = PBXBuildFile; fileRef = 814EDC731D33AAD600D396B3 /* icon-success.png */; };
		814EDC7C1D33AAD600D396B3 /* icon-success@2x.png in Resources */ = {isa = PBXBuildFile; fileRef = 814EDC741D33AAD600D396B3 /* icon-success@2x.png */; };
		814EDC7D1D33AAD600D396B3 /* TWMessageBarManager.m in Sources */ = {isa = PBXBuildFile; fileRef = 814EDC761D33AAD600D396B3 /* TWMessageBarManager.m */; };
		814EDC7F1D33AB2700D396B3 /* AssetsLibrary.framework in Frameworks */ = {isa = PBXBuildFile; fileRef = 814EDC7E1D33AB2700D396B3 /* AssetsLibrary.framework */; };
		814EDC811D33AB3000D396B3 /* AVFoundation.framework in Frameworks */ = {isa = PBXBuildFile; fileRef = 814EDC801D33AB3000D396B3 /* AVFoundation.framework */; };
		814EDC831D33AB3900D396B3 /* AudioToolbox.framework in Frameworks */ = {isa = PBXBuildFile; fileRef = 814EDC821D33AB3900D396B3 /* AudioToolbox.framework */; };
		814EDC851D33AB4100D396B3 /* ImageIO.framework in Frameworks */ = {isa = PBXBuildFile; fileRef = 814EDC841D33AB4100D396B3 /* ImageIO.framework */; };
		814EDC871D33AB4B00D396B3 /* MobileCoreServices.framework in Frameworks */ = {isa = PBXBuildFile; fileRef = 814EDC861D33AB4B00D396B3 /* MobileCoreServices.framework */; };
		814EDC891D33AB5600D396B3 /* libstdc++.6.0.9.tbd in Frameworks */ = {isa = PBXBuildFile; fileRef = 814EDC881D33AB5600D396B3 /* libstdc++.6.0.9.tbd */; };
		814EDC8B1D33AB6000D396B3 /* libz.tbd in Frameworks */ = {isa = PBXBuildFile; fileRef = 814EDC8A1D33AB6000D396B3 /* libz.tbd */; };
		814EDC8D1D33AB6A00D396B3 /* CoreData.framework in Frameworks */ = {isa = PBXBuildFile; fileRef = 814EDC8C1D33AB6A00D396B3 /* CoreData.framework */; };
		814EDC8F1D33AB7700D396B3 /* CoreTelephony.framework in Frameworks */ = {isa = PBXBuildFile; fileRef = 814EDC8E1D33AB7700D396B3 /* CoreTelephony.framework */; };
		814EDC911D33AB8200D396B3 /* CoreLocation.framework in Frameworks */ = {isa = PBXBuildFile; fileRef = 814EDC901D33AB8200D396B3 /* CoreLocation.framework */; };
		814EDC931D33AB8C00D396B3 /* SystemConfiguration.framework in Frameworks */ = {isa = PBXBuildFile; fileRef = 814EDC921D33AB8C00D396B3 /* SystemConfiguration.framework */; };
		814EDC951D33AB9500D396B3 /* AddressBook.framework in Frameworks */ = {isa = PBXBuildFile; fileRef = 814EDC941D33AB9500D396B3 /* AddressBook.framework */; };
		814EDC971D33AB9D00D396B3 /* UIKit.framework in Frameworks */ = {isa = PBXBuildFile; fileRef = 814EDC961D33AB9D00D396B3 /* UIKit.framework */; };
		814EDCDA1D33B2E200D396B3 /* libstdc++.tbd in Frameworks */ = {isa = PBXBuildFile; fileRef = 814EDCD91D33B2E200D396B3 /* libstdc++.tbd */; };
		814EDCDC1D33B38700D396B3 /* CoreMotion.framework in Frameworks */ = {isa = PBXBuildFile; fileRef = 814EDCDB1D33B38700D396B3 /* CoreMotion.framework */; };
/* End PBXBuildFile section */

/* Begin PBXContainerItemProxy section */
		814EDC231D33AA2A00D396B3 /* PBXContainerItemProxy */ = {
			isa = PBXContainerItemProxy;
			containerPortal = 814EDC011D33AA2A00D396B3 /* Project object */;
			proxyType = 1;
			remoteGlobalIDString = 814EDC081D33AA2A00D396B3;
			remoteInfo = "意见反馈与评分";
		};
		814EDC2E1D33AA2A00D396B3 /* PBXContainerItemProxy */ = {
			isa = PBXContainerItemProxy;
			containerPortal = 814EDC011D33AA2A00D396B3 /* Project object */;
			proxyType = 1;
			remoteGlobalIDString = 814EDC081D33AA2A00D396B3;
			remoteInfo = "意见反馈与评分";
		};
/* End PBXContainerItemProxy section */

/* Begin PBXFileReference section */
		813AA8A71D59CA3D00A66049 /* AmrCodecFMWK.framework */ = {isa = PBXFileReference; lastKnownFileType = wrapper.framework; path = AmrCodecFMWK.framework; sourceTree = "<group>"; };
		813AA8A81D59CA3D00A66049 /* SecurityGuardSDK.framework */ = {isa = PBXFileReference; lastKnownFileType = wrapper.framework; path = SecurityGuardSDK.framework; sourceTree = "<group>"; };
		813AA8A91D59CA3D00A66049 /* UTDID.framework */ = {isa = PBXFileReference; lastKnownFileType = wrapper.framework; path = UTDID.framework; sourceTree = "<group>"; };
		813AA8AA1D59CA3D00A66049 /* UTMini.framework */ = {isa = PBXFileReference; lastKnownFileType = wrapper.framework; path = UTMini.framework; sourceTree = "<group>"; };
		813AA8AB1D59CA3D00A66049 /* WQConnectorBundle.framework */ = {isa = PBXFileReference; lastKnownFileType = wrapper.framework; path = WQConnectorBundle.framework; sourceTree = "<group>"; };
		813AA8AC1D59CA3D00A66049 /* yw_1222.jpg */ = {isa = PBXFileReference; lastKnownFileType = image.jpeg; path = yw_1222.jpg; sourceTree = "<group>"; };
		813AA8AD1D59CA3D00A66049 /* YWFeedbackFMWK.framework */ = {isa = PBXFileReference; lastKnownFileType = wrapper.framework; path = YWFeedbackFMWK.framework; sourceTree = "<group>"; };
		813AA8AE1D59CA3D00A66049 /* YWHybridWebViewFMWK.framework */ = {isa = PBXFileReference; lastKnownFileType = wrapper.framework; path = YWHybridWebViewFMWK.framework; sourceTree = "<group>"; };
		814EDC091D33AA2A00D396B3 /* 意见反馈与评分.app */ = {isa = PBXFileReference; explicitFileType = wrapper.application; includeInIndex = 0; path = "意见反馈与评分.app"; sourceTree = BUILT_PRODUCTS_DIR; };
		814EDC0D1D33AA2A00D396B3 /* main.m */ = {isa = PBXFileReference; lastKnownFileType = sourcecode.c.objc; path = main.m; sourceTree = "<group>"; };
		814EDC0F1D33AA2A00D396B3 /* AppDelegate.h */ = {isa = PBXFileReference; lastKnownFileType = sourcecode.c.h; path = AppDelegate.h; sourceTree = "<group>"; };
		814EDC101D33AA2A00D396B3 /* AppDelegate.m */ = {isa = PBXFileReference; lastKnownFileType = sourcecode.c.objc; path = AppDelegate.m; sourceTree = "<group>"; };
		814EDC121D33AA2A00D396B3 /* ViewController.h */ = {isa = PBXFileReference; lastKnownFileType = sourcecode.c.h; path = ViewController.h; sourceTree = "<group>"; };
		814EDC131D33AA2A00D396B3 /* ViewController.m */ = {isa = PBXFileReference; lastKnownFileType = sourcecode.c.objc; path = ViewController.m; sourceTree = "<group>"; };
		814EDC161D33AA2A00D396B3 /* Base */ = {isa = PBXFileReference; lastKnownFileType = file.storyboard; name = Base; path = Base.lproj/Main.storyboard; sourceTree = "<group>"; };
		814EDC181D33AA2A00D396B3 /* Assets.xcassets */ = {isa = PBXFileReference; lastKnownFileType = folder.assetcatalog; path = Assets.xcassets; sourceTree = "<group>"; };
		814EDC1B1D33AA2A00D396B3 /* Base */ = {isa = PBXFileReference; lastKnownFileType = file.storyboard; name = Base; path = Base.lproj/LaunchScreen.storyboard; sourceTree = "<group>"; };
		814EDC1D1D33AA2A00D396B3 /* Info.plist */ = {isa = PBXFileReference; lastKnownFileType = text.plist.xml; path = Info.plist; sourceTree = "<group>"; };
		814EDC221D33AA2A00D396B3 /* 意见反馈与评分Tests.xctest */ = {isa = PBXFileReference; explicitFileType = wrapper.cfbundle; includeInIndex = 0; path = "意见反馈与评分Tests.xctest"; sourceTree = BUILT_PRODUCTS_DIR; };
		814EDC261D33AA2A00D396B3 /* _______Tests.m */ = {isa = PBXFileReference; lastKnownFileType = sourcecode.c.objc; path = "_______Tests.m"; sourceTree = "<group>"; };
		814EDC281D33AA2A00D396B3 /* Info.plist */ = {isa = PBXFileReference; lastKnownFileType = text.plist.xml; path = Info.plist; sourceTree = "<group>"; };
		814EDC2D1D33AA2A00D396B3 /* 意见反馈与评分UITests.xctest */ = {isa = PBXFileReference; explicitFileType = wrapper.cfbundle; includeInIndex = 0; path = "意见反馈与评分UITests.xctest"; sourceTree = BUILT_PRODUCTS_DIR; };
		814EDC311D33AA2A00D396B3 /* _______UITests.m */ = {isa = PBXFileReference; lastKnownFileType = sourcecode.c.objc; path = "_______UITests.m"; sourceTree = "<group>"; };
		814EDC331D33AA2A00D396B3 /* Info.plist */ = {isa = PBXFileReference; lastKnownFileType = text.plist.xml; path = Info.plist; sourceTree = "<group>"; };
		814EDC6F1D33AAD600D396B3 /* icon-error.png */ = {isa = PBXFileReference; lastKnownFileType = image.png; path = "icon-error.png"; sourceTree = "<group>"; };
		814EDC701D33AAD600D396B3 /* icon-error@2x.png */ = {isa = PBXFileReference; lastKnownFileType = image.png; path = "icon-error@2x.png"; sourceTree = "<group>"; };
		814EDC711D33AAD600D396B3 /* icon-info.png */ = {isa = PBXFileReference; lastKnownFileType = image.png; path = "icon-info.png"; sourceTree = "<group>"; };
		814EDC721D33AAD600D396B3 /* icon-info@2x.png */ = {isa = PBXFileReference; lastKnownFileType = image.png; path = "icon-info@2x.png"; sourceTree = "<group>"; };
		814EDC731D33AAD600D396B3 /* icon-success.png */ = {isa = PBXFileReference; lastKnownFileType = image.png; path = "icon-success.png"; sourceTree = "<group>"; };
		814EDC741D33AAD600D396B3 /* icon-success@2x.png */ = {isa = PBXFileReference; lastKnownFileType = image.png; path = "icon-success@2x.png"; sourceTree = "<group>"; };
		814EDC751D33AAD600D396B3 /* TWMessageBarManager.h */ = {isa = PBXFileReference; fileEncoding = 4; lastKnownFileType = sourcecode.c.h; path = TWMessageBarManager.h; sourceTree = "<group>"; };
		814EDC761D33AAD600D396B3 /* TWMessageBarManager.m */ = {isa = PBXFileReference; fileEncoding = 4; lastKnownFileType = sourcecode.c.objc; path = TWMessageBarManager.m; sourceTree = "<group>"; };
		814EDC7E1D33AB2700D396B3 /* AssetsLibrary.framework */ = {isa = PBXFileReference; lastKnownFileType = wrapper.framework; name = AssetsLibrary.framework; path = System/Library/Frameworks/AssetsLibrary.framework; sourceTree = SDKROOT; };
		814EDC801D33AB3000D396B3 /* AVFoundation.framework */ = {isa = PBXFileReference; lastKnownFileType = wrapper.framework; name = AVFoundation.framework; path = System/Library/Frameworks/AVFoundation.framework; sourceTree = SDKROOT; };
		814EDC821D33AB3900D396B3 /* AudioToolbox.framework */ = {isa = PBXFileReference; lastKnownFileType = wrapper.framework; name = AudioToolbox.framework; path = System/Library/Frameworks/AudioToolbox.framework; sourceTree = SDKROOT; };
		814EDC841D33AB4100D396B3 /* ImageIO.framework */ = {isa = PBXFileReference; lastKnownFileType = wrapper.framework; name = ImageIO.framework; path = System/Library/Frameworks/ImageIO.framework; sourceTree = SDKROOT; };
		814EDC861D33AB4B00D396B3 /* MobileCoreServices.framework */ = {isa = PBXFileReference; lastKnownFileType = wrapper.framework; name = MobileCoreServices.framework; path = System/Library/Frameworks/MobileCoreServices.framework; sourceTree = SDKROOT; };
		814EDC881D33AB5600D396B3 /* libstdc++.6.0.9.tbd */ = {isa = PBXFileReference; lastKnownFileType = "sourcecode.text-based-dylib-definition"; name = "libstdc++.6.0.9.tbd"; path = "usr/lib/libstdc++.6.0.9.tbd"; sourceTree = SDKROOT; };
		814EDC8A1D33AB6000D396B3 /* libz.tbd */ = {isa = PBXFileReference; lastKnownFileType = "sourcecode.text-based-dylib-definition"; name = libz.tbd; path = usr/lib/libz.tbd; sourceTree = SDKROOT; };
		814EDC8C1D33AB6A00D396B3 /* CoreData.framework */ = {isa = PBXFileReference; lastKnownFileType = wrapper.framework; name = CoreData.framework; path = System/Library/Frameworks/CoreData.framework; sourceTree = SDKROOT; };
		814EDC8E1D33AB7700D396B3 /* CoreTelephony.framework */ = {isa = PBXFileReference; lastKnownFileType = wrapper.framework; name = CoreTelephony.framework; path = System/Library/Frameworks/CoreTelephony.framework; sourceTree = SDKROOT; };
		814EDC901D33AB8200D396B3 /* CoreLocation.framework */ = {isa = PBXFileReference; lastKnownFileType = wrapper.framework; name = CoreLocation.framework; path = System/Library/Frameworks/CoreLocation.framework; sourceTree = SDKROOT; };
		814EDC921D33AB8C00D396B3 /* SystemConfiguration.framework */ = {isa = PBXFileReference; lastKnownFileType = wrapper.framework; name = SystemConfiguration.framework; path = System/Library/Frameworks/SystemConfiguration.framework; sourceTree = SDKROOT; };
		814EDC941D33AB9500D396B3 /* AddressBook.framework */ = {isa = PBXFileReference; lastKnownFileType = wrapper.framework; name = AddressBook.framework; path = System/Library/Frameworks/AddressBook.framework; sourceTree = SDKROOT; };
		814EDC961D33AB9D00D396B3 /* UIKit.framework */ = {isa = PBXFileReference; lastKnownFileType = wrapper.framework; name = UIKit.framework; path = System/Library/Frameworks/UIKit.framework; sourceTree = SDKROOT; };
		814EDCD91D33B2E200D396B3 /* libstdc++.tbd */ = {isa = PBXFileReference; lastKnownFileType = "sourcecode.text-based-dylib-definition"; name = "libstdc++.tbd"; path = "usr/lib/libstdc++.tbd"; sourceTree = SDKROOT; };
		814EDCDB1D33B38700D396B3 /* CoreMotion.framework */ = {isa = PBXFileReference; lastKnownFileType = wrapper.framework; name = CoreMotion.framework; path = System/Library/Frameworks/CoreMotion.framework; sourceTree = SDKROOT; };
/* End PBXFileReference section */

/* Begin PBXFrameworksBuildPhase section */
		814EDC061D33AA2A00D396B3 /* Frameworks */ = {
			isa = PBXFrameworksBuildPhase;
			buildActionMask = 2147483647;
			files = (
				814EDCDC1D33B38700D396B3 /* CoreMotion.framework in Frameworks */,
				814EDCDA1D33B2E200D396B3 /* libstdc++.tbd in Frameworks */,
				813AA8B21D59CA3D00A66049 /* UTMini.framework in Frameworks */,
				814EDC971D33AB9D00D396B3 /* UIKit.framework in Frameworks */,
				813AA8B31D59CA3D00A66049 /* WQConnectorBundle.framework in Frameworks */,
				813AA8B61D59CA3D00A66049 /* YWHybridWebViewFMWK.framework in Frameworks */,
				814EDC951D33AB9500D396B3 /* AddressBook.framework in Frameworks */,
				814EDC931D33AB8C00D396B3 /* SystemConfiguration.framework in Frameworks */,
				813AA8AF1D59CA3D00A66049 /* AmrCodecFMWK.framework in Frameworks */,
				814EDC911D33AB8200D396B3 /* CoreLocation.framework in Frameworks */,
				814EDC8F1D33AB7700D396B3 /* CoreTelephony.framework in Frameworks */,
				814EDC8D1D33AB6A00D396B3 /* CoreData.framework in Frameworks */,
				813AA8B51D59CA3D00A66049 /* YWFeedbackFMWK.framework in Frameworks */,
				814EDC8B1D33AB6000D396B3 /* libz.tbd in Frameworks */,
				814EDC891D33AB5600D396B3 /* libstdc++.6.0.9.tbd in Frameworks */,
				814EDC871D33AB4B00D396B3 /* MobileCoreServices.framework in Frameworks */,
				814EDC851D33AB4100D396B3 /* ImageIO.framework in Frameworks */,
				814EDC831D33AB3900D396B3 /* AudioToolbox.framework in Frameworks */,
				814EDC811D33AB3000D396B3 /* AVFoundation.framework in Frameworks */,
				814EDC7F1D33AB2700D396B3 /* AssetsLibrary.framework in Frameworks */,
				813AA8B01D59CA3D00A66049 /* SecurityGuardSDK.framework in Frameworks */,
				813AA8B11D59CA3D00A66049 /* UTDID.framework in Frameworks */,
			);
			runOnlyForDeploymentPostprocessing = 0;
		};
		814EDC1F1D33AA2A00D396B3 /* Frameworks */ = {
			isa = PBXFrameworksBuildPhase;
			buildActionMask = 2147483647;
			files = (
			);
			runOnlyForDeploymentPostprocessing = 0;
		};
		814EDC2A1D33AA2A00D396B3 /* Frameworks */ = {
			isa = PBXFrameworksBuildPhase;
			buildActionMask = 2147483647;
			files = (
			);
			runOnlyForDeploymentPostprocessing = 0;
		};
/* End PBXFrameworksBuildPhase section */

/* Begin PBXGroup section */
		813AA8A61D59CA3D00A66049 /* OneSDK-2 */ = {
			isa = PBXGroup;
			children = (
				813AA8A71D59CA3D00A66049 /* AmrCodecFMWK.framework */,
				813AA8A81D59CA3D00A66049 /* SecurityGuardSDK.framework */,
				813AA8A91D59CA3D00A66049 /* UTDID.framework */,
				813AA8AA1D59CA3D00A66049 /* UTMini.framework */,
				813AA8AB1D59CA3D00A66049 /* WQConnectorBundle.framework */,
				813AA8AC1D59CA3D00A66049 /* yw_1222.jpg */,
				813AA8AD1D59CA3D00A66049 /* YWFeedbackFMWK.framework */,
				813AA8AE1D59CA3D00A66049 /* YWHybridWebViewFMWK.framework */,
			);
			path = "OneSDK-2";
			sourceTree = "<group>";
		};
		814EDC001D33AA2A00D396B3 = {
			isa = PBXGroup;
			children = (
				814EDCDB1D33B38700D396B3 /* CoreMotion.framework */,
				814EDCD91D33B2E200D396B3 /* libstdc++.tbd */,
				814EDC961D33AB9D00D396B3 /* UIKit.framework */,
				814EDC941D33AB9500D396B3 /* AddressBook.framework */,
				814EDC921D33AB8C00D396B3 /* SystemConfiguration.framework */,
				814EDC901D33AB8200D396B3 /* CoreLocation.framework */,
				814EDC8E1D33AB7700D396B3 /* CoreTelephony.framework */,
				814EDC8C1D33AB6A00D396B3 /* CoreData.framework */,
				814EDC8A1D33AB6000D396B3 /* libz.tbd */,
				814EDC881D33AB5600D396B3 /* libstdc++.6.0.9.tbd */,
				814EDC861D33AB4B00D396B3 /* MobileCoreServices.framework */,
				814EDC841D33AB4100D396B3 /* ImageIO.framework */,
				814EDC821D33AB3900D396B3 /* AudioToolbox.framework */,
				814EDC801D33AB3000D396B3 /* AVFoundation.framework */,
				814EDC7E1D33AB2700D396B3 /* AssetsLibrary.framework */,
				814EDC0B1D33AA2A00D396B3 /* 意见反馈与评分 */,
				814EDC251D33AA2A00D396B3 /* 意见反馈与评分Tests */,
				814EDC301D33AA2A00D396B3 /* 意见反馈与评分UITests */,
				814EDC0A1D33AA2A00D396B3 /* Products */,
			);
			sourceTree = "<group>";
		};
		814EDC0A1D33AA2A00D396B3 /* Products */ = {
			isa = PBXGroup;
			children = (
				814EDC091D33AA2A00D396B3 /* 意见反馈与评分.app */,
				814EDC221D33AA2A00D396B3 /* 意见反馈与评分Tests.xctest */,
				814EDC2D1D33AA2A00D396B3 /* 意见反馈与评分UITests.xctest */,
			);
			name = Products;
			sourceTree = "<group>";
		};
		814EDC0B1D33AA2A00D396B3 /* 意见反馈与评分 */ = {
			isa = PBXGroup;
			children = (
				813AA8A61D59CA3D00A66049 /* OneSDK-2 */,
				814EDC6D1D33AAD600D396B3 /* TWMessageBarManager */,
				814EDC0F1D33AA2A00D396B3 /* AppDelegate.h */,
				814EDC101D33AA2A00D396B3 /* AppDelegate.m */,
				814EDC121D33AA2A00D396B3 /* ViewController.h */,
				814EDC131D33AA2A00D396B3 /* ViewController.m */,
				814EDC151D33AA2A00D396B3 /* Main.storyboard */,
				814EDC181D33AA2A00D396B3 /* Assets.xcassets */,
				814EDC1A1D33AA2A00D396B3 /* LaunchScreen.storyboard */,
				814EDC1D1D33AA2A00D396B3 /* Info.plist */,
				814EDC0C1D33AA2A00D396B3 /* Supporting Files */,
			);
			path = "意见反馈与评分";
			sourceTree = "<group>";
		};
		814EDC0C1D33AA2A00D396B3 /* Supporting Files */ = {
			isa = PBXGroup;
			children = (
				814EDC0D1D33AA2A00D396B3 /* main.m */,
			);
			name = "Supporting Files";
			sourceTree = "<group>";
		};
		814EDC251D33AA2A00D396B3 /* 意见反馈与评分Tests */ = {
			isa = PBXGroup;
			children = (
				814EDC261D33AA2A00D396B3 /* _______Tests.m */,
				814EDC281D33AA2A00D396B3 /* Info.plist */,
			);
			path = "意见反馈与评分Tests";
			sourceTree = "<group>";
		};
		814EDC301D33AA2A00D396B3 /* 意见反馈与评分UITests */ = {
			isa = PBXGroup;
			children = (
				814EDC311D33AA2A00D396B3 /* _______UITests.m */,
				814EDC331D33AA2A00D396B3 /* Info.plist */,
			);
			path = "意见反馈与评分UITests";
			sourceTree = "<group>";
		};
		814EDC6D1D33AAD600D396B3 /* TWMessageBarManager */ = {
			isa = PBXGroup;
			children = (
				814EDC6E1D33AAD600D396B3 /* Icons */,
				814EDC751D33AAD600D396B3 /* TWMessageBarManager.h */,
				814EDC761D33AAD600D396B3 /* TWMessageBarManager.m */,
			);
			path = TWMessageBarManager;
			sourceTree = "<group>";
		};
		814EDC6E1D33AAD600D396B3 /* Icons */ = {
			isa = PBXGroup;
			children = (
				814EDC6F1D33AAD600D396B3 /* icon-error.png */,
				814EDC701D33AAD600D396B3 /* icon-error@2x.png */,
				814EDC711D33AAD600D396B3 /* icon-info.png */,
				814EDC721D33AAD600D396B3 /* icon-info@2x.png */,
				814EDC731D33AAD600D396B3 /* icon-success.png */,
				814EDC741D33AAD600D396B3 /* icon-success@2x.png */,
			);
			path = Icons;
			sourceTree = "<group>";
		};
/* End PBXGroup section */

/* Begin PBXNativeTarget section */
		814EDC081D33AA2A00D396B3 /* 意见反馈与评分 */ = {
			isa = PBXNativeTarget;
			buildConfigurationList = 814EDC361D33AA2A00D396B3 /* Build configuration list for PBXNativeTarget "意见反馈与评分" */;
			buildPhases = (
				814EDC051D33AA2A00D396B3 /* Sources */,
				814EDC061D33AA2A00D396B3 /* Frameworks */,
				814EDC071D33AA2A00D396B3 /* Resources */,
			);
			buildRules = (
			);
			dependencies = (
			);
			name = "意见反馈与评分";
			productName = "意见反馈与评分";
			productReference = 814EDC091D33AA2A00D396B3 /* 意见反馈与评分.app */;
			productType = "com.apple.product-type.application";
		};
		814EDC211D33AA2A00D396B3 /* 意见反馈与评分Tests */ = {
			isa = PBXNativeTarget;
			buildConfigurationList = 814EDC391D33AA2A00D396B3 /* Build configuration list for PBXNativeTarget "意见反馈与评分Tests" */;
			buildPhases = (
				814EDC1E1D33AA2A00D396B3 /* Sources */,
				814EDC1F1D33AA2A00D396B3 /* Frameworks */,
				814EDC201D33AA2A00D396B3 /* Resources */,
			);
			buildRules = (
			);
			dependencies = (
				814EDC241D33AA2A00D396B3 /* PBXTargetDependency */,
			);
			name = "意见反馈与评分Tests";
			productName = "意见反馈与评分Tests";
			productReference = 814EDC221D33AA2A00D396B3 /* 意见反馈与评分Tests.xctest */;
			productType = "com.apple.product-type.bundle.unit-test";
		};
		814EDC2C1D33AA2A00D396B3 /* 意见反馈与评分UITests */ = {
			isa = PBXNativeTarget;
			buildConfigurationList = 814EDC3C1D33AA2A00D396B3 /* Build configuration list for PBXNativeTarget "意见反馈与评分UITests" */;
			buildPhases = (
				814EDC291D33AA2A00D396B3 /* Sources */,
				814EDC2A1D33AA2A00D396B3 /* Frameworks */,
				814EDC2B1D33AA2A00D396B3 /* Resources */,
			);
			buildRules = (
			);
			dependencies = (
				814EDC2F1D33AA2A00D396B3 /* PBXTargetDependency */,
			);
			name = "意见反馈与评分UITests";
			productName = "意见反馈与评分UITests";
			productReference = 814EDC2D1D33AA2A00D396B3 /* 意见反馈与评分UITests.xctest */;
			productType = "com.apple.product-type.bundle.ui-testing";
		};
/* End PBXNativeTarget section */

/* Begin PBXProject section */
		814EDC011D33AA2A00D396B3 /* Project object */ = {
			isa = PBXProject;
			attributes = {
				LastUpgradeCheck = 0730;
				ORGANIZATIONNAME = WOSHIPM;
				TargetAttributes = {
					814EDC081D33AA2A00D396B3 = {
						CreatedOnToolsVersion = 7.3;
					};
					814EDC211D33AA2A00D396B3 = {
						CreatedOnToolsVersion = 7.3;
						TestTargetID = 814EDC081D33AA2A00D396B3;
					};
					814EDC2C1D33AA2A00D396B3 = {
						CreatedOnToolsVersion = 7.3;
						TestTargetID = 814EDC081D33AA2A00D396B3;
					};
				};
			};
			buildConfigurationList = 814EDC041D33AA2A00D396B3 /* Build configuration list for PBXProject "意见反馈与评分" */;
			compatibilityVersion = "Xcode 3.2";
			developmentRegion = English;
			hasScannedForEncodings = 0;
			knownRegions = (
				en,
				Base,
			);
			mainGroup = 814EDC001D33AA2A00D396B3;
			productRefGroup = 814EDC0A1D33AA2A00D396B3 /* Products */;
			projectDirPath = "";
			projectRoot = "";
			targets = (
				814EDC081D33AA2A00D396B3 /* 意见反馈与评分 */,
				814EDC211D33AA2A00D396B3 /* 意见反馈与评分Tests */,
				814EDC2C1D33AA2A00D396B3 /* 意见反馈与评分UITests */,
			);
		};
/* End PBXProject section */

/* Begin PBXResourcesBuildPhase section */
		814EDC071D33AA2A00D396B3 /* Resources */ = {
			isa = PBXResourcesBuildPhase;
			buildActionMask = 2147483647;
			files = (
				814EDC7C1D33AAD600D396B3 /* icon-success@2x.png in Resources */,
				814EDC1C1D33AA2A00D396B3 /* LaunchScreen.storyboard in Resources */,
				813AA8B41D59CA3D00A66049 /* yw_1222.jpg in Resources */,
				814EDC771D33AAD600D396B3 /* icon-error.png in Resources */,
				814EDC7B1D33AAD600D396B3 /* icon-success.png in Resources */,
				814EDC781D33AAD600D396B3 /* icon-error@2x.png in Resources */,
				814EDC191D33AA2A00D396B3 /* Assets.xcassets in Resources */,
				814EDC7A1D33AAD600D396B3 /* icon-info@2x.png in Resources */,
				814EDC791D33AAD600D396B3 /* icon-info.png in Resources */,
				814EDC171D33AA2A00D396B3 /* Main.storyboard in Resources */,
			);
			runOnlyForDeploymentPostprocessing = 0;
		};
		814EDC201D33AA2A00D396B3 /* Resources */ = {
			isa = PBXResourcesBuildPhase;
			buildActionMask = 2147483647;
			files = (
			);
			runOnlyForDeploymentPostprocessing = 0;
		};
		814EDC2B1D33AA2A00D396B3 /* Resources */ = {
			isa = PBXResourcesBuildPhase;
			buildActionMask = 2147483647;
			files = (
			);
			runOnlyForDeploymentPostprocessing = 0;
		};
/* End PBXResourcesBuildPhase section */

/* Begin PBXSourcesBuildPhase section */
		814EDC051D33AA2A00D396B3 /* Sources */ = {
			isa = PBXSourcesBuildPhase;
			buildActionMask = 2147483647;
			files = (
				814EDC141D33AA2A00D396B3 /* ViewController.m in Sources */,
				814EDC7D1D33AAD600D396B3 /* TWMessageBarManager.m in Sources */,
				814EDC111D33AA2A00D396B3 /* AppDelegate.m in Sources */,
				814EDC0E1D33AA2A00D396B3 /* main.m in Sources */,
			);
			runOnlyForDeploymentPostprocessing = 0;
		};
		814EDC1E1D33AA2A00D396B3 /* Sources */ = {
			isa = PBXSourcesBuildPhase;
			buildActionMask = 2147483647;
			files = (
				814EDC271D33AA2A00D396B3 /* _______Tests.m in Sources */,
			);
			runOnlyForDeploymentPostprocessing = 0;
		};
		814EDC291D33AA2A00D396B3 /* Sources */ = {
			isa = PBXSourcesBuildPhase;
			buildActionMask = 2147483647;
			files = (
				814EDC321D33AA2A00D396B3 /* _______UITests.m in Sources */,
			);
			runOnlyForDeploymentPostprocessing = 0;
		};
/* End PBXSourcesBuildPhase section */

/* Begin PBXTargetDependency section */
		814EDC241D33AA2A00D396B3 /* PBXTargetDependency */ = {
			isa = PBXTargetDependency;
			target = 814EDC081D33AA2A00D396B3 /* 意见反馈与评分 */;
			targetProxy = 814EDC231D33AA2A00D396B3 /* PBXContainerItemProxy */;
		};
		814EDC2F1D33AA2A00D396B3 /* PBXTargetDependency */ = {
			isa = PBXTargetDependency;
			target = 814EDC081D33AA2A00D396B3 /* 意见反馈与评分 */;
			targetProxy = 814EDC2E1D33AA2A00D396B3 /* PBXContainerItemProxy */;
		};
/* End PBXTargetDependency section */

/* Begin PBXVariantGroup section */
		814EDC151D33AA2A00D396B3 /* Main.storyboard */ = {
			isa = PBXVariantGroup;
			children = (
				814EDC161D33AA2A00D396B3 /* Base */,
			);
			name = Main.storyboard;
			sourceTree = "<group>";
		};
		814EDC1A1D33AA2A00D396B3 /* LaunchScreen.storyboard */ = {
			isa = PBXVariantGroup;
			children = (
				814EDC1B1D33AA2A00D396B3 /* Base */,
			);
			name = LaunchScreen.storyboard;
			sourceTree = "<group>";
		};
/* End PBXVariantGroup section */

/* Begin XCBuildConfiguration section */
		814EDC341D33AA2A00D396B3 /* Debug */ = {
			isa = XCBuildConfiguration;
			buildSettings = {
				ALWAYS_SEARCH_USER_PATHS = NO;
				CLANG_ANALYZER_NONNULL = YES;
				CLANG_CXX_LANGUAGE_STANDARD = "gnu++0x";
				CLANG_CXX_LIBRARY = "libc++";
				CLANG_ENABLE_MODULES = YES;
				CLANG_ENABLE_OBJC_ARC = YES;
				CLANG_WARN_BOOL_CONVERSION = YES;
				CLANG_WARN_CONSTANT_CONVERSION = YES;
				CLANG_WARN_DIRECT_OBJC_ISA_USAGE = YES_ERROR;
				CLANG_WARN_EMPTY_BODY = YES;
				CLANG_WARN_ENUM_CONVERSION = YES;
				CLANG_WARN_INT_CONVERSION = YES;
				CLANG_WARN_OBJC_ROOT_CLASS = YES_ERROR;
				CLANG_WARN_UNREACHABLE_CODE = YES;
				CLANG_WARN__DUPLICATE_METHOD_MATCH = YES;
				"CODE_SIGN_IDENTITY[sdk=iphoneos*]" = "iPhone Developer";
				COPY_PHASE_STRIP = NO;
				DEBUG_INFORMATION_FORMAT = dwarf;
				ENABLE_BITCODE = NO;
				ENABLE_STRICT_OBJC_MSGSEND = YES;
				ENABLE_TESTABILITY = YES;
				GCC_C_LANGUAGE_STANDARD = gnu99;
				GCC_DYNAMIC_NO_PIC = NO;
				GCC_NO_COMMON_BLOCKS = YES;
				GCC_OPTIMIZATION_LEVEL = 0;
				GCC_PREPROCESSOR_DEFINITIONS = (
					"DEBUG=1",
					"$(inherited)",
				);
				GCC_WARN_64_TO_32_BIT_CONVERSION = YES;
				GCC_WARN_ABOUT_RETURN_TYPE = YES_ERROR;
				GCC_WARN_UNDECLARED_SELECTOR = YES;
				GCC_WARN_UNINITIALIZED_AUTOS = YES_AGGRESSIVE;
				GCC_WARN_UNUSED_FUNCTION = YES;
				GCC_WARN_UNUSED_VARIABLE = YES;
				IPHONEOS_DEPLOYMENT_TARGET = 9.3;
				MTL_ENABLE_DEBUG_INFO = YES;
				ONLY_ACTIVE_ARCH = YES;
				SDKROOT = iphoneos;
				TARGETED_DEVICE_FAMILY = "1,2";
			};
			name = Debug;
		};
		814EDC351D33AA2A00D396B3 /* Release */ = {
			isa = XCBuildConfiguration;
			buildSettings = {
				ALWAYS_SEARCH_USER_PATHS = NO;
				CLANG_ANALYZER_NONNULL = YES;
				CLANG_CXX_LANGUAGE_STANDARD = "gnu++0x";
				CLANG_CXX_LIBRARY = "libc++";
				CLANG_ENABLE_MODULES = YES;
				CLANG_ENABLE_OBJC_ARC = YES;
				CLANG_WARN_BOOL_CONVERSION = YES;
				CLANG_WARN_CONSTANT_CONVERSION = YES;
				CLANG_WARN_DIRECT_OBJC_ISA_USAGE = YES_ERROR;
				CLANG_WARN_EMPTY_BODY = YES;
				CLANG_WARN_ENUM_CONVERSION = YES;
				CLANG_WARN_INT_CONVERSION = YES;
				CLANG_WARN_OBJC_ROOT_CLASS = YES_ERROR;
				CLANG_WARN_UNREACHABLE_CODE = YES;
				CLANG_WARN__DUPLICATE_METHOD_MATCH = YES;
				"CODE_SIGN_IDENTITY[sdk=iphoneos*]" = "iPhone Developer";
				COPY_PHASE_STRIP = NO;
				DEBUG_INFORMATION_FORMAT = "dwarf-with-dsym";
				ENABLE_BITCODE = NO;
				ENABLE_NS_ASSERTIONS = NO;
				ENABLE_STRICT_OBJC_MSGSEND = YES;
				GCC_C_LANGUAGE_STANDARD = gnu99;
				GCC_NO_COMMON_BLOCKS = YES;
				GCC_WARN_64_TO_32_BIT_CONVERSION = YES;
				GCC_WARN_ABOUT_RETURN_TYPE = YES_ERROR;
				GCC_WARN_UNDECLARED_SELECTOR = YES;
				GCC_WARN_UNINITIALIZED_AUTOS = YES_AGGRESSIVE;
				GCC_WARN_UNUSED_FUNCTION = YES;
				GCC_WARN_UNUSED_VARIABLE = YES;
				IPHONEOS_DEPLOYMENT_TARGET = 9.3;
				MTL_ENABLE_DEBUG_INFO = NO;
				SDKROOT = iphoneos;
				TARGETED_DEVICE_FAMILY = "1,2";
				VALIDATE_PRODUCT = YES;
			};
			name = Release;
		};
		814EDC371D33AA2A00D396B3 /* Debug */ = {
			isa = XCBuildConfiguration;
			buildSettings = {
				ASSETCATALOG_COMPILER_APPICON_NAME = AppIcon;
				FRAMEWORK_SEARCH_PATHS = (
					"$(inherited)",
					"$(PROJECT_DIR)/意见反馈与评分/OneSDK-2",
				);
				INFOPLIST_FILE = "意见反馈与评分/Info.plist";
				LD_RUNPATH_SEARCH_PATHS = "$(inherited) @executable_path/Frameworks";
				OTHER_LDFLAGS = "-ObjC";
				PRODUCT_BUNDLE_IDENTIFIER = "WOSHIPM.-------";
				PRODUCT_NAME = "$(TARGET_NAME)";
			};
			name = Debug;
		};
		814EDC381D33AA2A00D396B3 /* Release */ = {
			isa = XCBuildConfiguration;
			buildSettings = {
				ASSETCATALOG_COMPILER_APPICON_NAME = AppIcon;
				FRAMEWORK_SEARCH_PATHS = (
					"$(inherited)",
					"$(PROJECT_DIR)/意见反馈与评分/OneSDK-2",
				);
				INFOPLIST_FILE = "意见反馈与评分/Info.plist";
				LD_RUNPATH_SEARCH_PATHS = "$(inherited) @executable_path/Frameworks";
				OTHER_LDFLAGS = "-ObjC";
				PRODUCT_BUNDLE_IDENTIFIER = "WOSHIPM.-------";
				PRODUCT_NAME = "$(TARGET_NAME)";
			};
			name = Release;
		};
		814EDC3A1D33AA2A00D396B3 /* Debug */ = {
			isa = XCBuildConfiguration;
			buildSettings = {
				BUNDLE_LOADER = "$(TEST_HOST)";
				INFOPLIST_FILE = "意见反馈与评分Tests/Info.plist";
				LD_RUNPATH_SEARCH_PATHS = "$(inherited) @executable_path/Frameworks @loader_path/Frameworks";
				PRODUCT_BUNDLE_IDENTIFIER = "WOSHIPM.-------Tests";
				PRODUCT_NAME = "$(TARGET_NAME)";
				TEST_HOST = "$(BUILT_PRODUCTS_DIR)/意见反馈与评分.app/意见反馈与评分";
			};
			name = Debug;
		};
		814EDC3B1D33AA2A00D396B3 /* Release */ = {
			isa = XCBuildConfiguration;
			buildSettings = {
				BUNDLE_LOADER = "$(TEST_HOST)";
				INFOPLIST_FILE = "意见反馈与评分Tests/Info.plist";
				LD_RUNPATH_SEARCH_PATHS = "$(inherited) @executable_path/Frameworks @loader_path/Frameworks";
				PRODUCT_BUNDLE_IDENTIFIER = "WOSHIPM.-------Tests";
				PRODUCT_NAME = "$(TARGET_NAME)";
				TEST_HOST = "$(BUILT_PRODUCTS_DIR)/意见反馈与评分.app/意见反馈与评分";
			};
			name = Release;
		};
		814EDC3D1D33AA2A00D396B3 /* Debug */ = {
			isa = XCBuildConfiguration;
			buildSettings = {
				INFOPLIST_FILE = "意见反馈与评分UITests/Info.plist";
				LD_RUNPATH_SEARCH_PATHS = "$(inherited) @executable_path/Frameworks @loader_path/Frameworks";
				PRODUCT_BUNDLE_IDENTIFIER = "WOSHIPM.-------UITests";
				PRODUCT_NAME = "$(TARGET_NAME)";
				TEST_TARGET_NAME = "意见反馈与评分";
			};
			name = Debug;
		};
		814EDC3E1D33AA2A00D396B3 /* Release */ = {
			isa = XCBuildConfiguration;
			buildSettings = {
				INFOPLIST_FILE = "意见反馈与评分UITests/Info.plist";
				LD_RUNPATH_SEARCH_PATHS = "$(inherited) @executable_path/Frameworks @loader_path/Frameworks";
				PRODUCT_BUNDLE_IDENTIFIER = "WOSHIPM.-------UITests";
				PRODUCT_NAME = "$(TARGET_NAME)";
				TEST_TARGET_NAME = "意见反馈与评分";
			};
			name = Release;
		};
/* End XCBuildConfiguration section */

/* Begin XCConfigurationList section */
		814EDC041D33AA2A00D396B3 /* Build configuration list for PBXProject "意见反馈与评分" */ = {
			isa = XCConfigurationList;
			buildConfigurations = (
				814EDC341D33AA2A00D396B3 /* Debug */,
				814EDC351D33AA2A00D396B3 /* Release */,
			);
			defaultConfigurationIsVisible = 0;
			defaultConfigurationName = Release;
		};
		814EDC361D33AA2A00D396B3 /* Build configuration list for PBXNativeTarget "意见反馈与评分" */ = {
			isa = XCConfigurationList;
			buildConfigurations = (
				814EDC371D33AA2A00D396B3 /* Debug */,
				814EDC381D33AA2A00D396B3 /* Release */,
			);
			defaultConfigurationIsVisible = 0;
			defaultConfigurationName = Release;
		};
		814EDC391D33AA2A00D396B3 /* Build configuration list for PBXNativeTarget "意见反馈与评分Tests" */ = {
			isa = XCConfigurationList;
			buildConfigurations = (
				814EDC3A1D33AA2A00D396B3 /* Debug */,
				814EDC3B1D33AA2A00D396B3 /* Release */,
			);
			defaultConfigurationIsVisible = 0;
			defaultConfigurationName = Release;
		};
		814EDC3C1D33AA2A00D396B3 /* Build configuration list for PBXNativeTarget "意见反馈与评分UITests" */ = {
			isa = XCConfigurationList;
			buildConfigurations = (
				814EDC3D1D33AA2A00D396B3 /* Debug */,
				814EDC3E1D33AA2A00D396B3 /* Release */,
			);
			defaultConfigurationIsVisible = 0;
			defaultConfigurationName = Release;
		};
/* End XCConfigurationList section */
	};
	rootObject = 814EDC011D33AA2A00D396B3 /* Project object */;
}
